github.com/BurntSushi/toml v0.4.1 h1:GaI7EiDXDRfa8VshkTj7Fym7ha+y8/XxIgD2okUIjLw=
github.com/BurntSushi/toml v0.4.1/go.mod h1:CxXYINrC8qIiEnFrOxCa7Jy5BFHlXnUU2pbicEuybxQ=
github.com/ismdeep/args v0.0.2 h1:4XIgMMghhP1oHnnD9HHvnXUN+ixJUwJX8FqZDixVuno=
github.com/ismdeep/args v0.0.2/go.mod h1:GB94gj4zvBXS15/Q8EcCtS3K99K497De0dtVsLG6Omg=
